{
  "name": "flycontroller-pex",
  "version": "1.0.1",
  "lockfileVersion": 1,
  "requires": true,
  "dependencies": {
    "pex-math": {
      "version": "2.1.1",
      "resolved": "https://registry.npmjs.org/pex-math/-/pex-math-2.1.1.tgz",
      "integrity": "sha512-ieBwiAavIo2kf13DRZfzR3aQ03bE62bvoO165Gw54f/TGCkVcORf9+urMckLZi3GreZVAZIaHSbVnF6zc6gAdA=="
    },
    "signals": {
      "version": "1.0.0",
      "resolved": "https://registry.npmjs.org/signals/-/signals-1.0.0.tgz",
      "integrity": "sha1-ZfDBWZNSs1Ny7KrlolDmEHN27Wk="
    }
  }
}
